{
  "lockfile-version": 1,
  "manifest": {
    "version": 1,
    "install": {
      "bat": {
        "pkg-path": "bat"
      },
      "btop": {
        "pkg-path": "btop"
      },
      "clickhouse": {
        "pkg-path": "clickhouse"
      },
      "coreutils": {
        "pkg-path": "coreutils"
      },
      "deploy-rs": {
        "pkg-path": "deploy-rs"
      },
      "direnv": {
        "pkg-path": "direnv"
      },
      "dnslookup": {
        "pkg-path": "dnslookup"
      },
      "edgedb": {
        "pkg-path": "edgedb"
      },
      "eza": {
        "pkg-path": "eza"
      },
      "fd": {
        "pkg-path": "fd"
      },
      "fnm": {
        "pkg-path": "fnm"
      },
      "go_1_23": {
        "pkg-path": "go_1_23"
      },
      "htop": {
        "pkg-path": "htop"
      },
      "hyperfine": {
        "pkg-path": "hyperfine"
      },
      "lsof": {
        "pkg-path": "lsof"
      },
      "mkpasswd": {
        "pkg-path": "mkpasswd"
      },
      "nil": {
        "pkg-path": "nil"
      },
      "nix-index": {
        "pkg-path": "nix-index"
      },
      "nixd": {
        "pkg-path": "nixd"
      },
      "nixfmt": {
        "pkg-path": "nixfmt"
      },
      "nixos-rebuild": {
        "pkg-path": "nixos-rebuild"
      },
      "odin": {
        "pkg-path": "odin"
      },
      "parallel": {
        "pkg-path": "parallel"
      },
      "pnpm_9": {
        "flake": "github:scrumplex/nixpkgs/pkgs/pnpm/9.15#pnpm"
      },
      "poetry": {
        "pkg-path": "poetry"
      },
      "python3": {
        "pkg-path": "python3"
      },
      "topgrade": {
        "pkg-path": "topgrade"
      },
      "watchexec": {
        "pkg-path": "watchexec"
      },
      "xcpretty": {
        "pkg-path": "xcpretty"
      },
      "zoxide": {
        "pkg-path": "zoxide"
      }
    },
    "hook": {},
    "profile": {},
    "options": {
      "systems": [
        "aarch64-darwin"
      ],
      "allow": {
        "licenses": []
      },
      "semver": {},
      "cuda-detection": false
    },
    "services": {
      "watch": {
        "command": "bun ~/src/ts/daemons/watch.ts",
        "vars": null,
        "is-daemon": null,
        "shutdown": null,
        "systems": null
      }
    }
  },
  "packages": [
    {
      "attr_path": "bat",
      "broken": false,
      "derivation": "/nix/store/lq353bf2aknb2adv7lq0089j86xl31rp-bat-0.24.0.drv",
      "description": "Cat(1) clone with syntax highlighting and Git integration",
      "install_id": "bat",
      "license": "[ Apache-2.0, MIT ]",
      "locked_url": "https://github.com/flox/nixpkgs?rev=8f3e1f807051e32d8c95cd12b9b421623850a34d",
      "name": "bat-0.24.0",
      "pname": "bat",
      "rev": "8f3e1f807051e32d8c95cd12b9b421623850a34d",
      "rev_count": 733374,
      "rev_date": "2025-01-04T17:41:09Z",
      "scrape_date": "2025-01-06T21:17:53Z",
      "stabilities": [
        "staging",
        "unstable"
      ],
      "unfree": false,
      "version": "0.24.0",
      "outputs_to_install": [
        "out"
      ],
      "outputs": {
        "out": "/nix/store/ji62ssis7jbfh2fb3xd5iwyj4n1cizk5-bat-0.24.0"
      },
      "system": "aarch64-darwin",
      "group": "toplevel",
      "priority": 5
    },
    {
      "attr_path": "btop",
      "broken": false,
      "derivation": "/nix/store/zwvwim2x76z3cjcpc5npglahb5l4pg0h-btop-1.4.0.drv",
      "description": "Monitor of resources",
      "install_id": "btop",
      "license": "Apache-2.0",
      "locked_url": "https://github.com/flox/nixpkgs?rev=8f3e1f807051e32d8c95cd12b9b421623850a34d",
      "name": "btop-1.4.0",
      "pname": "btop",
      "rev": "8f3e1f807051e32d8c95cd12b9b421623850a34d",
      "rev_count": 733374,
      "rev_date": "2025-01-04T17:41:09Z",
      "scrape_date": "2025-01-06T21:17:53Z",
      "stabilities": [
        "staging",
        "unstable"
      ],
      "unfree": false,
      "version": "1.4.0",
      "outputs_to_install": [
        "out"
      ],
      "outputs": {
        "out": "/nix/store/bc45sbaq3rh5cksigmp8xq7gp3pi1bh4-btop-1.4.0"
      },
      "system": "aarch64-darwin",
      "group": "toplevel",
      "priority": 5
    },
    {
      "attr_path": "clickhouse",
      "broken": false,
      "derivation": "/nix/store/25fb3zdz92adbfz07ya2zc06j4nf7gxx-clickhouse-24.3.7.30.drv",
      "description": "Column-oriented database management system",
      "install_id": "clickhouse",
      "license": "Apache-2.0",
      "locked_url": "https://github.com/flox/nixpkgs?rev=8f3e1f807051e32d8c95cd12b9b421623850a34d",
      "name": "clickhouse-24.3.7.30",
      "pname": "clickhouse",
      "rev": "8f3e1f807051e32d8c95cd12b9b421623850a34d",
      "rev_count": 733374,
      "rev_date": "2025-01-04T17:41:09Z",
      "scrape_date": "2025-01-06T21:17:53Z",
      "stabilities": [
        "staging",
        "unstable"
      ],
      "unfree": false,
      "version": "24.3.7.30",
      "outputs_to_install": [
        "out"
      ],
      "outputs": {
        "out": "/nix/store/dlhvs9a3zpzmd6fixsbf58fvyqkcknjl-clickhouse-24.3.7.30"
      },
      "system": "aarch64-darwin",
      "group": "toplevel",
      "priority": 5
    },
    {
      "attr_path": "coreutils",
      "broken": false,
      "derivation": "/nix/store/nm1mg4ilciiwhzkj26scwybw6x4ijpf0-coreutils-9.5.drv",
      "description": "GNU Core Utilities",
      "install_id": "coreutils",
      "license": "GPL-3.0-or-later",
      "locked_url": "https://github.com/flox/nixpkgs?rev=8f3e1f807051e32d8c95cd12b9b421623850a34d",
      "name": "coreutils-9.5",
      "pname": "coreutils",
      "rev": "8f3e1f807051e32d8c95cd12b9b421623850a34d",
      "rev_count": 733374,
      "rev_date": "2025-01-04T17:41:09Z",
      "scrape_date": "2025-01-06T21:17:53Z",
      "stabilities": [
        "staging",
        "unstable"
      ],
      "unfree": false,
      "version": "9.5",
      "outputs_to_install": [
        "out"
      ],
      "outputs": {
        "info": "/nix/store/c263jjqg2mpap2fagjl34lziidkgph3i-coreutils-9.5-info",
        "out": "/nix/store/p9m0bsw49c5m6wnm3m4fs97yx5rxcmfj-coreutils-9.5"
      },
      "system": "aarch64-darwin",
      "group": "toplevel",
      "priority": 5
    },
    {
      "attr_path": "deploy-rs",
      "broken": false,
      "derivation": "/nix/store/mj9ss5hbyf2jdnkq9mfww8bhbr0dchp2-deploy-rs-0-unstable-2024-06-12.drv",
      "description": "Multi-profile Nix-flake deploy tool",
      "install_id": "deploy-rs",
      "license": "MPL-2.0",
      "locked_url": "https://github.com/flox/nixpkgs?rev=8f3e1f807051e32d8c95cd12b9b421623850a34d",
      "name": "deploy-rs-0-unstable-2024-06-12",
      "pname": "deploy-rs",
      "rev": "8f3e1f807051e32d8c95cd12b9b421623850a34d",
      "rev_count": 733374,
      "rev_date": "2025-01-04T17:41:09Z",
      "scrape_date": "2025-01-06T21:17:53Z",
      "stabilities": [
        "staging",
        "unstable"
      ],
      "unfree": false,
      "version": "0-unstable-2024-06-12",
      "outputs_to_install": [
        "out"
      ],
      "outputs": {
        "out": "/nix/store/ml778z251kvf827hrchq5zhq03gxwrf0-deploy-rs-0-unstable-2024-06-12"
      },
      "system": "aarch64-darwin",
      "group": "toplevel",
      "priority": 5
    },
    {
      "attr_path": "direnv",
      "broken": false,
      "derivation": "/nix/store/a8h6vjz5vlzy49g8k3xa863s6y9y22jd-direnv-2.35.0.drv",
      "description": "Shell extension that manages your environment",
      "install_id": "direnv",
      "license": "MIT",
      "locked_url": "https://github.com/flox/nixpkgs?rev=8f3e1f807051e32d8c95cd12b9b421623850a34d",
      "name": "direnv-2.35.0",
      "pname": "direnv",
      "rev": "8f3e1f807051e32d8c95cd12b9b421623850a34d",
      "rev_count": 733374,
      "rev_date": "2025-01-04T17:41:09Z",
      "scrape_date": "2025-01-06T21:17:53Z",
      "stabilities": [
        "staging",
        "unstable"
      ],
      "unfree": false,
      "version": "2.35.0",
      "outputs_to_install": [
        "out"
      ],
      "outputs": {
        "out": "/nix/store/xp28bzq6qi11db7pqgfx3rc139q45489-direnv-2.35.0"
      },
      "system": "aarch64-darwin",
      "group": "toplevel",
      "priority": 5
    },
    {
      "attr_path": "dnslookup",
      "broken": false,
      "derivation": "/nix/store/aam7jc0n6qpca6wz0g1n28na44zr90nr-dnslookup-1.11.1.drv",
      "description": "Simple command line utility to make DNS lookups to the specified server",
      "install_id": "dnslookup",
      "license": "MIT",
      "locked_url": "https://github.com/flox/nixpkgs?rev=8f3e1f807051e32d8c95cd12b9b421623850a34d",
      "name": "dnslookup-1.11.1",
      "pname": "dnslookup",
      "rev": "8f3e1f807051e32d8c95cd12b9b421623850a34d",
      "rev_count": 733374,
      "rev_date": "2025-01-04T17:41:09Z",
      "scrape_date": "2025-01-06T21:17:53Z",
      "stabilities": [
        "staging",
        "unstable"
      ],
      "unfree": false,
      "version": "1.11.1",
      "outputs_to_install": [
        "out"
      ],
      "outputs": {
        "out": "/nix/store/d2zzbsg57pxv18v86xgk73rbmjfnldgl-dnslookup-1.11.1"
      },
      "system": "aarch64-darwin",
      "group": "toplevel",
      "priority": 5
    },
    {
      "attr_path": "edgedb",
      "broken": false,
      "derivation": "/nix/store/ygd193gs5ddmaczk179z8pnr1gwkzvr1-edgedb-6.1.0.drv",
      "description": "EdgeDB cli",
      "install_id": "edgedb",
      "license": "[ Apache-2.0, MIT ]",
      "locked_url": "https://github.com/flox/nixpkgs?rev=8f3e1f807051e32d8c95cd12b9b421623850a34d",
      "name": "edgedb-6.1.0",
      "pname": "edgedb",
      "rev": "8f3e1f807051e32d8c95cd12b9b421623850a34d",
      "rev_count": 733374,
      "rev_date": "2025-01-04T17:41:09Z",
      "scrape_date": "2025-01-06T21:17:53Z",
      "stabilities": [
        "staging",
        "unstable"
      ],
      "unfree": false,
      "version": "6.1.0",
      "outputs_to_install": [
        "out"
      ],
      "outputs": {
        "out": "/nix/store/7iyswssbdkn6l3ni78qy6c4r0qj9nh4r-edgedb-6.1.0"
      },
      "system": "aarch64-darwin",
      "group": "toplevel",
      "priority": 5
    },
    {
      "attr_path": "eza",
      "broken": false,
      "derivation": "/nix/store/4lc9wqqg7qv6mcgv4vdvp755xcrgjiqz-eza-0.20.15.drv",
      "description": "Modern, maintained replacement for ls",
      "install_id": "eza",
      "license": "EUPL-1.2",
      "locked_url": "https://github.com/flox/nixpkgs?rev=8f3e1f807051e32d8c95cd12b9b421623850a34d",
      "name": "eza-0.20.15",
      "pname": "eza",
      "rev": "8f3e1f807051e32d8c95cd12b9b421623850a34d",
      "rev_count": 733374,
      "rev_date": "2025-01-04T17:41:09Z",
      "scrape_date": "2025-01-06T21:17:53Z",
      "stabilities": [
        "staging",
        "unstable"
      ],
      "unfree": false,
      "version": "0.20.15",
      "outputs_to_install": [
        "out",
        "man"
      ],
      "outputs": {
        "man": "/nix/store/k0if716vv1lmd74d6g4y3zk0p9vn2z5i-eza-0.20.15-man",
        "out": "/nix/store/63bzzpzks7i4sfkxf6iqa52hnmxl1kxa-eza-0.20.15"
      },
      "system": "aarch64-darwin",
      "group": "toplevel",
      "priority": 5
    },
    {
      "attr_path": "fd",
      "broken": false,
      "derivation": "/nix/store/c1qrafd4a8zm2h5983ni8qijk8h2wi1v-fd-10.2.0.drv",
      "description": "Simple, fast and user-friendly alternative to find",
      "install_id": "fd",
      "license": "[ Apache-2.0, MIT ]",
      "locked_url": "https://github.com/flox/nixpkgs?rev=8f3e1f807051e32d8c95cd12b9b421623850a34d",
      "name": "fd-10.2.0",
      "pname": "fd",
      "rev": "8f3e1f807051e32d8c95cd12b9b421623850a34d",
      "rev_count": 733374,
      "rev_date": "2025-01-04T17:41:09Z",
      "scrape_date": "2025-01-06T21:17:53Z",
      "stabilities": [
        "staging",
        "unstable"
      ],
      "unfree": false,
      "version": "10.2.0",
      "outputs_to_install": [
        "out"
      ],
      "outputs": {
        "out": "/nix/store/sszh4d1rnlji6mziigxaijbxk2dzmfn2-fd-10.2.0"
      },
      "system": "aarch64-darwin",
      "group": "toplevel",
      "priority": 5
    },
    {
      "attr_path": "fnm",
      "broken": false,
      "derivation": "/nix/store/kzhj8rg7ms4y5w675amhb38kfr3q1yp4-fnm-1.38.1.drv",
      "description": "Fast and simple Node.js version manager",
      "install_id": "fnm",
      "license": "GPL-3.0-only",
      "locked_url": "https://github.com/flox/nixpkgs?rev=8f3e1f807051e32d8c95cd12b9b421623850a34d",
      "name": "fnm-1.38.1",
      "pname": "fnm",
      "rev": "8f3e1f807051e32d8c95cd12b9b421623850a34d",
      "rev_count": 733374,
      "rev_date": "2025-01-04T17:41:09Z",
      "scrape_date": "2025-01-06T21:17:53Z",
      "stabilities": [
        "staging",
        "unstable"
      ],
      "unfree": false,
      "version": "1.38.1",
      "outputs_to_install": [
        "out"
      ],
      "outputs": {
        "out": "/nix/store/kcfbi6ap8fm5d0pq9nh4yyl5zfzps7vi-fnm-1.38.1"
      },
      "system": "aarch64-darwin",
      "group": "toplevel",
      "priority": 5
    },
    {
      "attr_path": "go_1_23",
      "broken": false,
      "derivation": "/nix/store/84bqd072ql6qzjmqsqcdbw3nv63waw49-go-1.23.4.drv",
      "description": "Go Programming language",
      "install_id": "go_1_23",
      "license": "BSD-3-Clause",
      "locked_url": "https://github.com/flox/nixpkgs?rev=8f3e1f807051e32d8c95cd12b9b421623850a34d",
      "name": "go-1.23.4",
      "pname": "go_1_23",
      "rev": "8f3e1f807051e32d8c95cd12b9b421623850a34d",
      "rev_count": 733374,
      "rev_date": "2025-01-04T17:41:09Z",
      "scrape_date": "2025-01-06T21:17:53Z",
      "stabilities": [
        "staging",
        "unstable"
      ],
      "unfree": false,
      "version": "go-1.23.4",
      "outputs_to_install": [
        "out"
      ],
      "outputs": {
        "out": "/nix/store/bva4mymi5b2lhvvbccx8ipws89rar1d8-go-1.23.4"
      },
      "system": "aarch64-darwin",
      "group": "toplevel",
      "priority": 5
    },
    {
      "attr_path": "htop",
      "broken": false,
      "derivation": "/nix/store/wlwbnq0xn77pjy7zrsmdvgbb5nhm30jr-htop-3.3.0.drv",
      "description": "Interactive process viewer",
      "install_id": "htop",
      "license": "GPL-2.0-only",
      "locked_url": "https://github.com/flox/nixpkgs?rev=8f3e1f807051e32d8c95cd12b9b421623850a34d",
      "name": "htop-3.3.0",
      "pname": "htop",
      "rev": "8f3e1f807051e32d8c95cd12b9b421623850a34d",
      "rev_count": 733374,
      "rev_date": "2025-01-04T17:41:09Z",
      "scrape_date": "2025-01-06T21:17:53Z",
      "stabilities": [
        "staging",
        "unstable"
      ],
      "unfree": false,
      "version": "3.3.0",
      "outputs_to_install": [
        "out"
      ],
      "outputs": {
        "out": "/nix/store/2707pg3s9g8lkhvqsmmpbyvcbhlfhq1l-htop-3.3.0"
      },
      "system": "aarch64-darwin",
      "group": "toplevel",
      "priority": 5
    },
    {
      "attr_path": "hyperfine",
      "broken": false,
      "derivation": "/nix/store/9qk6amwr1xvfr4jsmkwzaqkaq6lbs3ly-hyperfine-1.19.0.drv",
      "description": "Command-line benchmarking tool",
      "install_id": "hyperfine",
      "license": "[ Apache-2.0, MIT ]",
      "locked_url": "https://github.com/flox/nixpkgs?rev=8f3e1f807051e32d8c95cd12b9b421623850a34d",
      "name": "hyperfine-1.19.0",
      "pname": "hyperfine",
      "rev": "8f3e1f807051e32d8c95cd12b9b421623850a34d",
      "rev_count": 733374,
      "rev_date": "2025-01-04T17:41:09Z",
      "scrape_date": "2025-01-06T21:17:53Z",
      "stabilities": [
        "staging",
        "unstable"
      ],
      "unfree": false,
      "version": "1.19.0",
      "outputs_to_install": [
        "out"
      ],
      "outputs": {
        "out": "/nix/store/2lp7aclbsxzdzf4dq5r5z6miyh42qmbc-hyperfine-1.19.0"
      },
      "system": "aarch64-darwin",
      "group": "toplevel",
      "priority": 5
    },
    {
      "attr_path": "lsof",
      "broken": false,
      "derivation": "/nix/store/jc2zvqcms0pc5wdcykgvx648rg36r2bm-lsof-4.99.4.drv",
      "description": "Tool to list open files",
      "install_id": "lsof",
      "license": "Purdue BSD-Style License",
      "locked_url": "https://github.com/flox/nixpkgs?rev=8f3e1f807051e32d8c95cd12b9b421623850a34d",
      "name": "lsof-4.99.4",
      "pname": "lsof",
      "rev": "8f3e1f807051e32d8c95cd12b9b421623850a34d",
      "rev_count": 733374,
      "rev_date": "2025-01-04T17:41:09Z",
      "scrape_date": "2025-01-06T21:17:53Z",
      "stabilities": [
        "staging",
        "unstable"
      ],
      "unfree": false,
      "version": "4.99.4",
      "outputs_to_install": [
        "out"
      ],
      "outputs": {
        "out": "/nix/store/hxw1pj6xb69rlbagwv11bfvjmgn53j0f-lsof-4.99.4"
      },
      "system": "aarch64-darwin",
      "group": "toplevel",
      "priority": 5
    },
    {
      "attr_path": "mkpasswd",
      "broken": false,
      "derivation": "/nix/store/k1m0qcy3shfbzmi1z2dnlgzc5fyjdb1d-mkpasswd-5.5.23.drv",
      "description": "Overfeatured front-end to crypt, from the Debian whois package",
      "install_id": "mkpasswd",
      "license": "GPL-2.0-or-later",
      "locked_url": "https://github.com/flox/nixpkgs?rev=8f3e1f807051e32d8c95cd12b9b421623850a34d",
      "name": "mkpasswd-5.5.23",
      "pname": "mkpasswd",
      "rev": "8f3e1f807051e32d8c95cd12b9b421623850a34d",
      "rev_count": 733374,
      "rev_date": "2025-01-04T17:41:09Z",
      "scrape_date": "2025-01-06T21:17:53Z",
      "stabilities": [
        "staging",
        "unstable"
      ],
      "unfree": false,
      "version": "5.5.23",
      "outputs_to_install": [
        "out"
      ],
      "outputs": {
        "out": "/nix/store/rmzzd1a9zrqwpz3n4qryswy1rikf5kw2-mkpasswd-5.5.23"
      },
      "system": "aarch64-darwin",
      "group": "toplevel",
      "priority": 5
    },
    {
      "attr_path": "nil",
      "broken": false,
      "derivation": "/nix/store/4dzmcmp290mncfh5p55l7vahh1j7rz7d-nil-2024-08-06.drv",
      "description": "Yet another language server for Nix",
      "install_id": "nil",
      "license": "[ MIT, Apache-2.0 ]",
      "locked_url": "https://github.com/flox/nixpkgs?rev=8f3e1f807051e32d8c95cd12b9b421623850a34d",
      "name": "nil-2024-08-06",
      "pname": "nil",
      "rev": "8f3e1f807051e32d8c95cd12b9b421623850a34d",
      "rev_count": 733374,
      "rev_date": "2025-01-04T17:41:09Z",
      "scrape_date": "2025-01-06T21:17:53Z",
      "stabilities": [
        "staging",
        "unstable"
      ],
      "unfree": false,
      "version": "2024-08-06",
      "outputs_to_install": [
        "out"
      ],
      "outputs": {
        "out": "/nix/store/wknkbz34f1dnykhk5nmk8n7nvik5571l-nil-2024-08-06"
      },
      "system": "aarch64-darwin",
      "group": "toplevel",
      "priority": 5
    },
    {
      "attr_path": "nix-index",
      "broken": false,
      "derivation": "/nix/store/dqw8c7rlwm3pwhxrwlw64yzwj56g7r4z-nix-index-0.1.8.drv",
      "description": "Files database for nixpkgs",
      "install_id": "nix-index",
      "license": "[ BSD-3-Clause ]",
      "locked_url": "https://github.com/flox/nixpkgs?rev=8f3e1f807051e32d8c95cd12b9b421623850a34d",
      "name": "nix-index-0.1.8",
      "pname": "nix-index",
      "rev": "8f3e1f807051e32d8c95cd12b9b421623850a34d",
      "rev_count": 733374,
      "rev_date": "2025-01-04T17:41:09Z",
      "scrape_date": "2025-01-06T21:17:53Z",
      "stabilities": [
        "staging",
        "unstable"
      ],
      "unfree": false,
      "version": "0.1.8",
      "outputs_to_install": [
        "out"
      ],
      "outputs": {
        "out": "/nix/store/2qr81rcl85ddb9qqr3qbwkxzlbadi4kf-nix-index-0.1.8"
      },
      "system": "aarch64-darwin",
      "group": "toplevel",
      "priority": 5
    },
    {
      "attr_path": "nixd",
      "broken": false,
      "derivation": "/nix/store/za6i3xh3pzgbcj9h9pgwiwbay4z0na00-nixd-2.5.1.drv",
      "description": "Feature-rich Nix language server interoperating with C++ nix",
      "install_id": "nixd",
      "license": "LGPL-3.0-or-later",
      "locked_url": "https://github.com/flox/nixpkgs?rev=8f3e1f807051e32d8c95cd12b9b421623850a34d",
      "name": "nixd-2.5.1",
      "pname": "nixd",
      "rev": "8f3e1f807051e32d8c95cd12b9b421623850a34d",
      "rev_count": 733374,
      "rev_date": "2025-01-04T17:41:09Z",
      "scrape_date": "2025-01-06T21:17:53Z",
      "stabilities": [
        "staging",
        "unstable"
      ],
      "unfree": false,
      "version": "2.5.1",
      "outputs_to_install": [
        "out"
      ],
      "outputs": {
        "out": "/nix/store/1paf21d8yxnr1zmh3crw7y3f5dangcq9-nixd-2.5.1"
      },
      "system": "aarch64-darwin",
      "group": "toplevel",
      "priority": 5
    },
    {
      "attr_path": "nixfmt",
      "broken": false,
      "derivation": "/nix/store/2686p0n0i4rqf01xrdwlnqfvvdcfcqm5-nixfmt-0.6.0.drv",
      "description": "An opinionated formatter for Nix",
      "install_id": "nixfmt",
      "license": "MPL-2.0",
      "locked_url": "https://github.com/flox/nixpkgs?rev=8f3e1f807051e32d8c95cd12b9b421623850a34d",
      "name": "nixfmt-0.6.0",
      "pname": "nixfmt",
      "rev": "8f3e1f807051e32d8c95cd12b9b421623850a34d",
      "rev_count": 733374,
      "rev_date": "2025-01-04T17:41:09Z",
      "scrape_date": "2025-01-06T21:17:53Z",
      "stabilities": [
        "staging",
        "unstable"
      ],
      "unfree": false,
      "version": "0.6.0",
      "outputs_to_install": [
        "bin"
      ],
      "outputs": {
        "bin": "/nix/store/5l4g9328vjhpshjlz7h0qsh05bx648xr-nixfmt-0.6.0-bin",
        "doc": "/nix/store/n8bwdpk0wv4qc58si8yrd0516gz2yahm-nixfmt-0.6.0-doc",
        "out": "/nix/store/fm0g67sbgnxl3r0gflnlzgilvyxr2gl7-nixfmt-0.6.0"
      },
      "system": "aarch64-darwin",
      "group": "toplevel",
      "priority": 5
    },
    {
      "attr_path": "nixos-rebuild",
      "broken": false,
      "derivation": "/nix/store/4fd977ddwdilkwsdyix173765gnhbm86-nixos-rebuild.drv",
      "description": "Rebuild your NixOS configuration and switch to it, on local hosts and remote",
      "install_id": "nixos-rebuild",
      "license": "MIT",
      "locked_url": "https://github.com/flox/nixpkgs?rev=8f3e1f807051e32d8c95cd12b9b421623850a34d",
      "name": "nixos-rebuild",
      "pname": "nixos-rebuild",
      "rev": "8f3e1f807051e32d8c95cd12b9b421623850a34d",
      "rev_count": 733374,
      "rev_date": "2025-01-04T17:41:09Z",
      "scrape_date": "2025-01-06T21:17:53Z",
      "stabilities": [
        "staging",
        "unstable"
      ],
      "unfree": false,
      "version": "nixos-rebuild",
      "outputs_to_install": [
        "out"
      ],
      "outputs": {
        "out": "/nix/store/i9h9ff79jg0pccpzic8y4qv3sib2bf48-nixos-rebuild"
      },
      "system": "aarch64-darwin",
      "group": "toplevel",
      "priority": 5
    },
    {
      "attr_path": "odin",
      "broken": false,
      "derivation": "/nix/store/rrhfmdb4gxcgxl8q8rjdff285x3471rf-odin-0-unstable-2024-10-12.drv",
      "description": "Fast, concise, readable, pragmatic and open sourced programming language",
      "install_id": "odin",
      "license": "BSD-3-Clause",
      "locked_url": "https://github.com/flox/nixpkgs?rev=8f3e1f807051e32d8c95cd12b9b421623850a34d",
      "name": "odin-0-unstable-2024-10-12",
      "pname": "odin",
      "rev": "8f3e1f807051e32d8c95cd12b9b421623850a34d",
      "rev_count": 733374,
      "rev_date": "2025-01-04T17:41:09Z",
      "scrape_date": "2025-01-06T21:17:53Z",
      "stabilities": [
        "staging",
        "unstable"
      ],
      "unfree": false,
      "version": "0-unstable-2024-10-12",
      "outputs_to_install": [
        "out"
      ],
      "outputs": {
        "out": "/nix/store/hpszrwi8il9miarc04wq6bnn0bm45983-odin-0-unstable-2024-10-12"
      },
      "system": "aarch64-darwin",
      "group": "toplevel",
      "priority": 5
    },
    {
      "attr_path": "parallel",
      "broken": false,
      "derivation": "/nix/store/x9znwdaclvhyglgz1d3rq6alm8g44xx3-parallel-20241222.drv",
      "description": "Shell tool for executing jobs in parallel",
      "install_id": "parallel",
      "license": "GPL-3.0-or-later",
      "locked_url": "https://github.com/flox/nixpkgs?rev=8f3e1f807051e32d8c95cd12b9b421623850a34d",
      "name": "parallel-20241222",
      "pname": "parallel",
      "rev": "8f3e1f807051e32d8c95cd12b9b421623850a34d",
      "rev_count": 733374,
      "rev_date": "2025-01-04T17:41:09Z",
      "scrape_date": "2025-01-06T21:17:53Z",
      "stabilities": [
        "staging",
        "unstable"
      ],
      "unfree": false,
      "version": "20241222",
      "outputs_to_install": [
        "out",
        "man"
      ],
      "outputs": {
        "doc": "/nix/store/gcvavdi5fphh5655wiwknlh2i0cfm6lr-parallel-20241222-doc",
        "man": "/nix/store/fvdmr48bfy5k73rr8ih8akfgckfmvnfv-parallel-20241222-man",
        "out": "/nix/store/gw50a2h11z3ljms6797jsb638hc1nc21-parallel-20241222"
      },
      "system": "aarch64-darwin",
      "group": "toplevel",
      "priority": 5
    },
    {
      "attr_path": "poetry",
      "broken": false,
      "derivation": "/nix/store/w2ja682j3vwpvb7fwbclgjlnjcly3r5k-python3.12-poetry-1.8.5.drv",
      "description": "Python dependency management and packaging made easy",
      "install_id": "poetry",
      "license": "MIT",
      "locked_url": "https://github.com/flox/nixpkgs?rev=8f3e1f807051e32d8c95cd12b9b421623850a34d",
      "name": "poetry-1.8.5",
      "pname": "poetry",
      "rev": "8f3e1f807051e32d8c95cd12b9b421623850a34d",
      "rev_count": 733374,
      "rev_date": "2025-01-04T17:41:09Z",
      "scrape_date": "2025-01-06T21:17:53Z",
      "stabilities": [
        "staging",
        "unstable"
      ],
      "unfree": false,
      "version": "1.8.5",
      "outputs_to_install": [
        "out"
      ],
      "outputs": {
        "dist": "/nix/store/s21gsbchsrydkbvl7ngjin34n2r19r0m-python3.12-poetry-1.8.5-dist",
        "out": "/nix/store/7byk413j70l3lik0n32siyqakp3g9a0m-python3.12-poetry-1.8.5"
      },
      "system": "aarch64-darwin",
      "group": "toplevel",
      "priority": 5
    },
    {
      "attr_path": "python3",
      "broken": false,
      "derivation": "/nix/store/rvxbvqv6jbash9i0jdp2wjp45555qif4-python3-3.12.8.drv",
      "description": "High-level dynamically-typed programming language",
      "install_id": "python3",
      "license": "Python-2.0",
      "locked_url": "https://github.com/flox/nixpkgs?rev=8f3e1f807051e32d8c95cd12b9b421623850a34d",
      "name": "python3-3.12.8",
      "pname": "python3",
      "rev": "8f3e1f807051e32d8c95cd12b9b421623850a34d",
      "rev_count": 733374,
      "rev_date": "2025-01-04T17:41:09Z",
      "scrape_date": "2025-01-06T21:17:53Z",
      "stabilities": [
        "staging",
        "unstable"
      ],
      "unfree": false,
      "version": "3.12.8",
      "outputs_to_install": [
        "out"
      ],
      "outputs": {
        "out": "/nix/store/8zc3wcplydp8gsxms24scpzdca438dk5-python3-3.12.8"
      },
      "system": "aarch64-darwin",
      "group": "toplevel",
      "priority": 5
    },
    {
      "attr_path": "topgrade",
      "broken": false,
      "derivation": "/nix/store/aj4kvjlwc9fkrms4zjpdiqdi5h97nnv6-topgrade-16.0.2.drv",
      "description": "Upgrade all the things",
      "install_id": "topgrade",
      "license": "GPL-3.0-only",
      "locked_url": "https://github.com/flox/nixpkgs?rev=8f3e1f807051e32d8c95cd12b9b421623850a34d",
      "name": "topgrade-16.0.2",
      "pname": "topgrade",
      "rev": "8f3e1f807051e32d8c95cd12b9b421623850a34d",
      "rev_count": 733374,
      "rev_date": "2025-01-04T17:41:09Z",
      "scrape_date": "2025-01-06T21:17:53Z",
      "stabilities": [
        "staging",
        "unstable"
      ],
      "unfree": false,
      "version": "16.0.2",
      "outputs_to_install": [
        "out"
      ],
      "outputs": {
        "out": "/nix/store/rhxvxnd52wgdqvcpvdhpfxyf6j833px8-topgrade-16.0.2"
      },
      "system": "aarch64-darwin",
      "group": "toplevel",
      "priority": 5
    },
    {
      "attr_path": "watchexec",
      "broken": false,
      "derivation": "/nix/store/b8a1ij5sv7z2vjsvyk6k21fbxbxpn5qm-watchexec-2.2.1.drv",
      "description": "Executes commands in response to file modifications",
      "install_id": "watchexec",
      "license": "[ Apache-2.0 ]",
      "locked_url": "https://github.com/flox/nixpkgs?rev=8f3e1f807051e32d8c95cd12b9b421623850a34d",
      "name": "watchexec-2.2.1",
      "pname": "watchexec",
      "rev": "8f3e1f807051e32d8c95cd12b9b421623850a34d",
      "rev_count": 733374,
      "rev_date": "2025-01-04T17:41:09Z",
      "scrape_date": "2025-01-06T21:17:53Z",
      "stabilities": [
        "staging",
        "unstable"
      ],
      "unfree": false,
      "version": "2.2.1",
      "outputs_to_install": [
        "out"
      ],
      "outputs": {
        "out": "/nix/store/va984lpywi9dcnav47ka6h8k87rl4ljr-watchexec-2.2.1"
      },
      "system": "aarch64-darwin",
      "group": "toplevel",
      "priority": 5
    },
    {
      "attr_path": "xcpretty",
      "broken": false,
      "derivation": "/nix/store/mfxp3hdidiafbv78prxav4kkfsx0s2wq-xcpretty-0.3.0.drv",
      "description": "Flexible and fast xcodebuild formatter",
      "install_id": "xcpretty",
      "license": "MIT",
      "locked_url": "https://github.com/flox/nixpkgs?rev=8f3e1f807051e32d8c95cd12b9b421623850a34d",
      "name": "xcpretty-0.3.0",
      "pname": "xcpretty",
      "rev": "8f3e1f807051e32d8c95cd12b9b421623850a34d",
      "rev_count": 733374,
      "rev_date": "2025-01-04T17:41:09Z",
      "scrape_date": "2025-01-06T21:17:53Z",
      "stabilities": [
        "staging",
        "unstable"
      ],
      "unfree": false,
      "version": "0.3.0",
      "outputs_to_install": [
        "out"
      ],
      "outputs": {
        "out": "/nix/store/wv4lrg7pdm900sd3q7ywfd73gay5m07l-xcpretty-0.3.0"
      },
      "system": "aarch64-darwin",
      "group": "toplevel",
      "priority": 5
    },
    {
      "attr_path": "zoxide",
      "broken": false,
      "derivation": "/nix/store/m4qr2b1sjbvpcafk2z7bzgxnzw68c7mm-zoxide-0.9.6.drv",
      "description": "Fast cd command that learns your habits",
      "install_id": "zoxide",
      "license": "[ MIT ]",
      "locked_url": "https://github.com/flox/nixpkgs?rev=8f3e1f807051e32d8c95cd12b9b421623850a34d",
      "name": "zoxide-0.9.6",
      "pname": "zoxide",
      "rev": "8f3e1f807051e32d8c95cd12b9b421623850a34d",
      "rev_count": 733374,
      "rev_date": "2025-01-04T17:41:09Z",
      "scrape_date": "2025-01-06T21:17:53Z",
      "stabilities": [
        "staging",
        "unstable"
      ],
      "unfree": false,
      "version": "0.9.6",
      "outputs_to_install": [
        "out"
      ],
      "outputs": {
        "out": "/nix/store/lk431w3jp31zbbmwxhjn3wx5dkp7px3w-zoxide-0.9.6"
      },
      "system": "aarch64-darwin",
      "group": "toplevel",
      "priority": 5
    },
    {
      "install_id": "pnpm_9",
      "locked-url": "github:scrumplex/nixpkgs/b59e28cd3cfb7b74b68bd3efced46905ebbb469f",
      "flake-description": "A collection of packages for the Nix package manager",
      "locked-flake-attr-path": "legacyPackages.aarch64-darwin.pnpm",
      "derivation": "/nix/store/a215pfqx09hhzfg2by38bnkns97wfwi5-pnpm-9.15.0.drv",
      "outputs": {
        "out": "/nix/store/rxzyv00jks0r6vbgdj02n6h1x6fg3vz0-pnpm-9.15.0"
      },
      "output-names": [
        "out"
      ],
      "outputs-to-install": [
        "out"
      ],
      "package-system": "aarch64-darwin",
      "system": "aarch64-darwin",
      "name": "pnpm-9.15.0",
      "pname": "pnpm",
      "version": "9.15.0",
      "description": "Fast, disk space efficient package manager for JavaScript",
      "licenses": [
        "MIT"
      ],
      "broken": false,
      "unfree": false,
      "priority": 5
    }
  ]
}